
Microsoft Visual Studio Solution File, Format Version 12.00
# Visual Studio Version 16
VisualStudioVersion = 16.0.33529.622
MinimumVisualStudioVersion = 10.0.40219.1
Project("{FAE04EC0-301F-11D3-BF4B-00C04F79EFBC}") = "msapp1", "msapp1\msapp1.csproj", "{891AD062-E584-4CFE-8335-3E4779DA8206}"
EndProject
Global
	GlobalSection(SolutionConfigurationPlatforms) = preSolution
		Debug|Any CPU = Debug|Any CPU
		Release|Any CPU = Release|Any CPU
	EndGlobalSection
	GlobalSection(ProjectConfigurationPlatforms) = postSolution
		{891AD062-E584-4CFE-8335-3E4779DA8206}.Debug|Any CPU.ActiveCfg = Debug|Any CPU
		{891AD062-E584-4CFE-8335-3E4779DA8206}.Debug|Any CPU.Build.0 = Debug|Any CPU
		{891AD062-E584-4CFE-8335-3E4779DA8206}.Release|Any CPU.ActiveCfg = Release|Any CPU
		{891AD062-E584-4CFE-8335-3E4779DA8206}.Release|Any CPU.Build.0 = Release|Any CPU
	EndGlobalSection
	GlobalSection(SolutionProperties) = preSolution
		HideSolutionNode = FALSE
	EndGlobalSection
	GlobalSection(ExtensibilityGlobals) = postSolution
		SolutionGuid = {7334A5B7-2AB5-4FA9-AE1C-EBE4929464B4}
	EndGlobalSection
EndGlobal
